// !$*UTF8*$!
{
	archiveVersion = 1;
	classes = {
	};
	objectVersion = 46;
	objects = {

/* Begin PBXBuildFile section */
		9F1D36BB1B7C486900277113 /* FourierScrambler.swift in Sources */ = {isa = PBXBuildFile; fileRef = 9F1D36B91B7C486900277113 /* FourierScrambler.swift */; };
		9F1D36BC1B7C486900277113 /* main.swift in Sources */ = {isa = PBXBuildFile; fileRef = 9F1D36BA1B7C486900277113 /* main.swift */; };
/* End PBXBuildFile section */

/* Begin PBXCopyFilesBuildPhase section */
		9F503B351B7B300C001F7F06 /* CopyFiles */ = {
			isa = PBXCopyFilesBuildPhase;
			buildActionMask = 2147483647;
			dstPath = /usr/share/man/man1/;
			dstSubfolderSpec = 0;
			files = (
			);
			runOnlyForDeploymentPostprocessing = 1;
		};
/* End PBXCopyFilesBuildPhase section */

/* Begin PBXFileReference section */
		9F1D36B91B7C486900277113 /* FourierScrambler.swift */ = {isa = PBXFileReference; fileEncoding = 4; lastKnownFileType = sourcecode.swift; name = FourierScrambler.swift; path = FourierScrambler/FourierScrambler.swift; sourceTree = SOURCE_ROOT; };
		9F1D36BA1B7C486900277113 /* main.swift */ = {isa = PBXFileReference; fileEncoding = 4; lastKnownFileType = sourcecode.swift; name = main.swift; path = FourierScrambler/main.swift; sourceTree = SOURCE_ROOT; };
		9F503B371B7B300C001F7F06 /* FourierScrambler.temp_caseinsensitive_rename */ = {isa = PBXFileReference; explicitFileType = "compiled.mach-o.executable"; includeInIndex = 0; path = FourierScrambler.temp_caseinsensitive_rename; sourceTree = BUILT_PRODUCTS_DIR; };
/* End PBXFileReference section */

/* Begin PBXFrameworksBuildPhase section */
		9F503B341B7B300C001F7F06 /* Frameworks */ = {
			isa = PBXFrameworksBuildPhase;
			buildActionMask = 2147483647;
			files = (
			);
			runOnlyForDeploymentPostprocessing = 0;
		};
/* End PBXFrameworksBuildPhase section */

/* Begin PBXGroup section */
		9F503B2E1B7B300C001F7F06 = {
			isa = PBXGroup;
			children = (
				9F503B391B7B300C001F7F06 /* FourierScrambler */,
				9F503B381B7B300C001F7F06 /* Products */,
			);
			sourceTree = "<group>";
		};
		9F503B381B7B300C001F7F06 /* Products */ = {
			isa = PBXGroup;
			children = (
				9F503B371B7B300C001F7F06 /* FourierScrambler.temp_caseinsensitive_rename */,
			);
			name = Products;
			sourceTree = "<group>";
		};
		9F503B391B7B300C001F7F06 /* FourierScrambler */ = {
			isa = PBXGroup;
			children = (
				9F1D36B91B7C486900277113 /* FourierScrambler.swift */,
				9F1D36BA1B7C486900277113 /* main.swift */,
			);
			name = FourierScrambler;
			path = nicoShaderer;
			sourceTree = "<group>";
		};
/* End PBXGroup section */

/* Begin PBXNativeTarget section */
		9F503B361B7B300C001F7F06 /* FourierScrambler.temp_caseinsensitive_rename */ = {
			isa = PBXNativeTarget;
			buildConfigurationList = 9F503B3E1B7B300C001F7F06 /* Build configuration list for PBXNativeTarget "FourierScrambler.temp_caseinsensitive_rename" */;
			buildPhases = (
				9F503B331B7B300C001F7F06 /* Sources */,
				9F503B341B7B300C001F7F06 /* Frameworks */,
				9F503B351B7B300C001F7F06 /* CopyFiles */,
			);
			buildRules = (
			);
			dependencies = (
			);
			name = FourierScrambler.temp_caseinsensitive_rename;
			productName = nicoShaderer;
			productReference = 9F503B371B7B300C001F7F06 /* FourierScrambler.temp_caseinsensitive_rename */;
			productType = "com.apple.product-type.tool";
		};
/* End PBXNativeTarget section */

/* Begin PBXProject section */
		9F503B2F1B7B300C001F7F06 /* Project object */ = {
			isa = PBXProject;
			attributes = {
				LastUpgradeCheck = 0640;
				ORGANIZATIONNAME = "RaspuBox inc.";
				TargetAttributes = {
					9F503B361B7B300C001F7F06 = {
						CreatedOnToolsVersion = 6.4;
					};
				};
			};
			buildConfigurationList = 9F503B321B7B300C001F7F06 /* Build configuration list for PBXProject "FourierScrambler" */;
			compatibilityVersion = "Xcode 3.2";
			developmentRegion = English;
			hasScannedForEncodings = 0;
			knownRegions = (
				en,
			);
			mainGroup = 9F503B2E1B7B300C001F7F06;
			productRefGroup = 9F503B381B7B300C001F7F06 /* Products */;
			projectDirPath = "";
			projectRoot = "";
			targets = (
				9F503B361B7B300C001F7F06 /* FourierScrambler.temp_caseinsensitive_rename */,
			);
		};
/* End PBXProject section */

/* Begin PBXSourcesBuildPhase section */
		9F503B331B7B300C001F7F06 /* Sources */ = {
			isa = PBXSourcesBuildPhase;
			buildActionMask = 2147483647;
			files = (
				9F1D36BC1B7C486900277113 /* main.swift in Sources */,
				9F1D36BB1B7C486900277113 /* FourierScrambler.swift in Sources */,
			);
			runOnlyForDeploymentPostprocessing = 0;
		};
/* End PBXSourcesBuildPhase section */

/* Begin XCBuildConfiguration section */
		9F503B3C1B7B300C001F7F06 /* Debug */ = {
			isa = XCBuildConfiguration;
			buildSettings = {
				ALWAYS_SEARCH_USER_PATHS = NO;
				CLANG_CXX_LANGUAGE_STANDARD = "gnu++0x";
				CLANG_CXX_LIBRARY = "libc++";
				CLANG_ENABLE_MODULES = YES;
				CLANG_ENABLE_OBJC_ARC = YES;
				CLANG_WARN_BOOL_CONVERSION = YES;
				CLANG_WARN_CONSTANT_CONVERSION = YES;
				CLANG_WARN_DIRECT_OBJC_ISA_USAGE = YES_ERROR;
				CLANG_WARN_EMPTY_BODY = YES;
				CLANG_WARN_ENUM_CONVERSION = YES;
				CLANG_WARN_INT_CONVERSION = YES;
				CLANG_WARN_OBJC_ROOT_CLASS = YES_ERROR;
				CLANG_WARN_UNREACHABLE_CODE = YES;
				CLANG_WARN__DUPLICATE_METHOD_MATCH = YES;
				COPY_PHASE_STRIP = NO;
				DEBUG_INFORMATION_FORMAT = dwarf;
				ENABLE_STRICT_OBJC_MSGSEND = YES;
				GCC_C_LANGUAGE_STANDARD = gnu99;
				GCC_DYNAMIC_NO_PIC = NO;
				GCC_NO_COMMON_BLOCKS = YES;
				GCC_OPTIMIZATION_LEVEL = 0;
				GCC_PREPROCESSOR_DEFINITIONS = (
					"DEBUG=1",
					"$(inherited)",
				);
				GCC_SYMBOLS_PRIVATE_EXTERN = NO;
				GCC_WARN_64_TO_32_BIT_CONVERSION = YES;
				GCC_WARN_ABOUT_RETURN_TYPE = YES_ERROR;
				GCC_WARN_UNDECLARED_SELECTOR = YES;
				GCC_WARN_UNINITIALIZED_AUTOS = YES_AGGRESSIVE;
				GCC_WARN_UNUSED_FUNCTION = YES;
				GCC_WARN_UNUSED_VARIABLE = YES;
				MACOSX_DEPLOYMENT_TARGET = 10.10;
				MTL_ENABLE_DEBUG_INFO = YES;
				ONLY_ACTIVE_ARCH = YES;
				SDKROOT = macosx;
				SWIFT_OPTIMIZATION_LEVEL = "-Onone";
			};
			name = Debug;
		};
		9F503B3D1B7B300C001F7F06 /* Release */ = {
			isa = XCBuildConfiguration;
			buildSettings = {
				ALWAYS_SEARCH_USER_PATHS = NO;
				CLANG_CXX_LANGUAGE_STANDARD = "gnu++0x";
				CLANG_CXX_LIBRARY = "libc++";
				CLANG_ENABLE_MODULES = YES;
				CLANG_ENABLE_OBJC_ARC = YES;
				CLANG_WARN_BOOL_CONVERSION = YES;
				CLANG_WARN_CONSTANT_CONVERSION = YES;
				CLANG_WARN_DIRECT_OBJC_ISA_USAGE = YES_ERROR;
				CLANG_WARN_EMPTY_BODY = YES;
				CLANG_WARN_ENUM_CONVERSION = YES;
				CLANG_WARN_INT_CONVERSION = YES;
				CLANG_WARN_OBJC_ROOT_CLASS = YES_ERROR;
				CLANG_WARN_UNREACHABLE_CODE = YES;
				CLANG_WARN__DUPLICATE_METHOD_MATCH = YES;
				COPY_PHASE_STRIP = NO;
				DEBUG_INFORMATION_FORMAT = "dwarf-with-dsym";
				ENABLE_NS_ASSERTIONS = NO;
				ENABLE_STRICT_OBJC_MSGSEND = YES;
				GCC_C_LANGUAGE_STANDARD = gnu99;
				GCC_NO_COMMON_BLOCKS = YES;
				GCC_WARN_64_TO_32_BIT_CONVERSION = YES;
				GCC_WARN_ABOUT_RETURN_TYPE = YES_ERROR;
				GCC_WARN_UNDECLARED_SELECTOR = YES;
				GCC_WARN_UNINITIALIZED_AUTOS = YES_AGGRESSIVE;
				GCC_WARN_UNUSED_FUNCTION = YES;
				GCC_WARN_UNUSED_VARIABLE = YES;
				MACOSX_DEPLOYMENT_TARGET = 10.10;
				MTL_ENABLE_DEBUG_INFO = NO;
				SDKROOT = macosx;
			};
			name = Release;
		};
		9F503B3F1B7B300C001F7F06 /* Debug */ = {
			isa = XCBuildConfiguration;
			buildSettings = {
				PRODUCT_NAME = FourierScrambler.temp_caseinsensitive_rename;
			};
			name = Debug;
		};
		9F503B401B7B300C001F7F06 /* Release */ = {
			isa = XCBuildConfiguration;
			buildSettings = {
				PRODUCT_NAME = FourierScrambler.temp_caseinsensitive_rename;
			};
			name = Release;
		};
/* End XCBuildConfiguration section */

/* Begin XCConfigurationList section */
		9F503B321B7B300C001F7F06 /* Build configuration list for PBXProject "FourierScrambler" */ = {
			isa = XCConfigurationList;
			buildConfigurations = (
				9F503B3C1B7B300C001F7F06 /* Debug */,
				9F503B3D1B7B300C001F7F06 /* Release */,
			);
			defaultConfigurationIsVisible = 0;
			defaultConfigurationName = Release;
		};
		9F503B3E1B7B300C001F7F06 /* Build configuration list for PBXNativeTarget "FourierScrambler.temp_caseinsensitive_rename" */ = {
			isa = XCConfigurationList;
			buildConfigurations = (
				9F503B3F1B7B300C001F7F06 /* Debug */,
				9F503B401B7B300C001F7F06 /* Release */,
			);
			defaultConfigurationIsVisible = 0;
			defaultConfigurationName = Release;
		};
/* End XCConfigurationList section */
	};
	rootObject = 9F503B2F1B7B300C001F7F06 /* Project object */;
}
